// !$*UTF8*$!
{
	archiveVersion = 1;
	classes = {
	};
	objectVersion = 56;
	objects = {

/* Begin PBXBuildFile section */
		7E03F3112B93B19B00B55C5B /* Book.xcdatamodeld in Sources */ = {isa = PBXBuildFile; fileRef = 7E03F30F2B93B19B00B55C5B /* Book.xcdatamodeld */; };
		7E03F3182B93BB6800B55C5B /* Book+CoreDataClass.swift in Sources */ = {isa = PBXBuildFile; fileRef = 7E03F3122B93BB6800B55C5B /* Book+CoreDataClass.swift */; };
		7E03F3192B93BB6800B55C5B /* Book+CoreDataProperties.swift in Sources */ = {isa = PBXBuildFile; fileRef = 7E03F3132B93BB6800B55C5B /* Book+CoreDataProperties.swift */; };
		7E03F31A2B93BB6800B55C5B /* Annotation+CoreDataClass.swift in Sources */ = {isa = PBXBuildFile; fileRef = 7E03F3142B93BB6800B55C5B /* Annotation+CoreDataClass.swift */; };
		7E03F31B2B93BB6800B55C5B /* Annotation+CoreDataProperties.swift in Sources */ = {isa = PBXBuildFile; fileRef = 7E03F3152B93BB6800B55C5B /* Annotation+CoreDataProperties.swift */; };
		7E03F31C2B93BB6800B55C5B /* Author+CoreDataClass.swift in Sources */ = {isa = PBXBuildFile; fileRef = 7E03F3162B93BB6800B55C5B /* Author+CoreDataClass.swift */; };
		7E03F31D2B93BB6800B55C5B /* Author+CoreDataProperties.swift in Sources */ = {isa = PBXBuildFile; fileRef = 7E03F3172B93BB6800B55C5B /* Author+CoreDataProperties.swift */; };
		7E12C7162B97FD4A0040624D /* AnnotationListView.swift in Sources */ = {isa = PBXBuildFile; fileRef = 7E12C7152B97FD4A0040624D /* AnnotationListView.swift */; };
		7E12C7182B97FD740040624D /* AnnotationListViewModel.swift in Sources */ = {isa = PBXBuildFile; fileRef = 7E12C7172B97FD740040624D /* AnnotationListViewModel.swift */; };
		7E12C71A2B9806C00040624D /* AnnotationFormView.swift in Sources */ = {isa = PBXBuildFile; fileRef = 7E12C7192B9806C00040624D /* AnnotationFormView.swift */; };
		7E12C71C2B98174E0040624D /* AnnotationFormViewModel.swift in Sources */ = {isa = PBXBuildFile; fileRef = 7E12C71B2B98174E0040624D /* AnnotationFormViewModel.swift */; };
		7E1D9CD02B96EB8B003F4120 /* BookDetailView.swift in Sources */ = {isa = PBXBuildFile; fileRef = 7E1D9CCF2B96EB8B003F4120 /* BookDetailView.swift */; };
		7E1D9CD22B96F39D003F4120 /* BookDetailViewModel.swift in Sources */ = {isa = PBXBuildFile; fileRef = 7E1D9CD12B96F39D003F4120 /* BookDetailViewModel.swift */; };
		7E2CEA282B8AC35A0075133F /* Authentication.swift in Sources */ = {isa = PBXBuildFile; fileRef = 7E2CEA272B8AC35A0075133F /* Authentication.swift */; };
		7E47B8D32B8F3772009F3586 /* BookFormViewModel.swift in Sources */ = {isa = PBXBuildFile; fileRef = 7E47B8D22B8F3772009F3586 /* BookFormViewModel.swift */; };
		7E4F8D022B8842C800524C74 /* BookwormApp.swift in Sources */ = {isa = PBXBuildFile; fileRef = 7E4F8D012B8842C800524C74 /* BookwormApp.swift */; };
		7E4F8D062B8842CA00524C74 /* Assets.xcassets in Resources */ = {isa = PBXBuildFile; fileRef = 7E4F8D052B8842CA00524C74 /* Assets.xcassets */; };
		7E4F8D0A2B8842CA00524C74 /* Preview Assets.xcassets in Resources */ = {isa = PBXBuildFile; fileRef = 7E4F8D092B8842CA00524C74 /* Preview Assets.xcassets */; };
		7E4F8D2C2B88766300524C74 /* StorageError.swift in Sources */ = {isa = PBXBuildFile; fileRef = 7E4F8D2B2B88766300524C74 /* StorageError.swift */; };
		7E53E1892B9406F700E72BA2 /* StoragePreviewSampleData.swift in Sources */ = {isa = PBXBuildFile; fileRef = 7E53E1882B9406F700E72BA2 /* StoragePreviewSampleData.swift */; };
		7E53E18B2B943EF300E72BA2 /* EntityNames.swift in Sources */ = {isa = PBXBuildFile; fileRef = 7E53E18A2B943EF300E72BA2 /* EntityNames.swift */; };
		7E7A1E172B929EFC00F83C98 /* AuthorSelectionViewModel.swift in Sources */ = {isa = PBXBuildFile; fileRef = 7E7A1E162B929EFC00F83C98 /* AuthorSelectionViewModel.swift */; };
		7E7A1E192B92F0BB00F83C98 /* AuthorSelectionView.swift in Sources */ = {isa = PBXBuildFile; fileRef = 7E7A1E182B92F0BB00F83C98 /* AuthorSelectionView.swift */; };
		7E7BCEF02B8F1439005119CB /* BookFormView.swift in Sources */ = {isa = PBXBuildFile; fileRef = 7E7BCEEF2B8F1439005119CB /* BookFormView.swift */; };
		7E7BCEF62B8F1CAB005119CB /* Genre.swift in Sources */ = {isa = PBXBuildFile; fileRef = 7E7BCEF52B8F1CAB005119CB /* Genre.swift */; };
		7E7BCEF82B8F1DC5005119CB /* RatingStar.swift in Sources */ = {isa = PBXBuildFile; fileRef = 7E7BCEF72B8F1DC5005119CB /* RatingStar.swift */; };
		7EA10F302B8EA8DA0025914A /* iOSScene.swift in Sources */ = {isa = PBXBuildFile; fileRef = 7EA10F2F2B8EA8DA0025914A /* iOSScene.swift */; };
		7EA10F392B8EFD190025914A /* AlertWithTextField.swift in Sources */ = {isa = PBXBuildFile; fileRef = 7EA10F382B8EFD190025914A /* AlertWithTextField.swift */; };
		7EA9939F2B91749800D68D0C /* Storage.swift in Sources */ = {isa = PBXBuildFile; fileRef = 7EA9939E2B91749800D68D0C /* Storage.swift */; };
		7EFB97F22B8D66FD007615CF /* Icons.swift in Sources */ = {isa = PBXBuildFile; fileRef = 7EFB97F12B8D66FD007615CF /* Icons.swift */; };
		7EFB97F82B8D97E0007615CF /* HomeView.swift in Sources */ = {isa = PBXBuildFile; fileRef = 7EFB97F72B8D97E0007615CF /* HomeView.swift */; };
		7EFB97FA2B8DAC37007615CF /* Cover.swift in Sources */ = {isa = PBXBuildFile; fileRef = 7EFB97F92B8DAC37007615CF /* Cover.swift */; };
		7EFB97FE2B8DBE80007615CF /* HomeViewModel.swift in Sources */ = {isa = PBXBuildFile; fileRef = 7EFB97FD2B8DBE80007615CF /* HomeViewModel.swift */; };
/* End PBXBuildFile section */

/* Begin PBXFileReference section */
		7E03F3102B93B19B00B55C5B /* Book.xcdatamodel */ = {isa = PBXFileReference; lastKnownFileType = wrapper.xcdatamodel; path = Book.xcdatamodel; sourceTree = "<group>"; };
		7E03F3122B93BB6800B55C5B /* Book+CoreDataClass.swift */ = {isa = PBXFileReference; lastKnownFileType = sourcecode.swift; path = "Book+CoreDataClass.swift"; sourceTree = SOURCE_ROOT; };
		7E03F3132B93BB6800B55C5B /* Book+CoreDataProperties.swift */ = {isa = PBXFileReference; lastKnownFileType = sourcecode.swift; path = "Book+CoreDataProperties.swift"; sourceTree = SOURCE_ROOT; };
		7E03F3142B93BB6800B55C5B /* Annotation+CoreDataClass.swift */ = {isa = PBXFileReference; lastKnownFileType = sourcecode.swift; path = "Annotation+CoreDataClass.swift"; sourceTree = SOURCE_ROOT; };
		7E03F3152B93BB6800B55C5B /* Annotation+CoreDataProperties.swift */ = {isa = PBXFileReference; lastKnownFileType = sourcecode.swift; path = "Annotation+CoreDataProperties.swift"; sourceTree = SOURCE_ROOT; };
		7E03F3162B93BB6800B55C5B /* Author+CoreDataClass.swift */ = {isa = PBXFileReference; lastKnownFileType = sourcecode.swift; path = "Author+CoreDataClass.swift"; sourceTree = SOURCE_ROOT; };
		7E03F3172B93BB6800B55C5B /* Author+CoreDataProperties.swift */ = {isa = PBXFileReference; lastKnownFileType = sourcecode.swift; path = "Author+CoreDataProperties.swift"; sourceTree = SOURCE_ROOT; };
		7E12C7152B97FD4A0040624D /* AnnotationListView.swift */ = {isa = PBXFileReference; lastKnownFileType = sourcecode.swift; path = AnnotationListView.swift; sourceTree = "<group>"; };
		7E12C7172B97FD740040624D /* AnnotationListViewModel.swift */ = {isa = PBXFileReference; lastKnownFileType = sourcecode.swift; path = AnnotationListViewModel.swift; sourceTree = "<group>"; };
		7E12C7192B9806C00040624D /* AnnotationFormView.swift */ = {isa = PBXFileReference; lastKnownFileType = sourcecode.swift; path = AnnotationFormView.swift; sourceTree = "<group>"; };
		7E12C71B2B98174E0040624D /* AnnotationFormViewModel.swift */ = {isa = PBXFileReference; lastKnownFileType = sourcecode.swift; path = AnnotationFormViewModel.swift; sourceTree = "<group>"; };
		7E1D9CCF2B96EB8B003F4120 /* BookDetailView.swift */ = {isa = PBXFileReference; lastKnownFileType = sourcecode.swift; path = BookDetailView.swift; sourceTree = "<group>"; };
		7E1D9CD12B96F39D003F4120 /* BookDetailViewModel.swift */ = {isa = PBXFileReference; lastKnownFileType = sourcecode.swift; path = BookDetailViewModel.swift; sourceTree = "<group>"; };
		7E2CEA272B8AC35A0075133F /* Authentication.swift */ = {isa = PBXFileReference; lastKnownFileType = sourcecode.swift; path = Authentication.swift; sourceTree = "<group>"; };
		7E47B8D22B8F3772009F3586 /* BookFormViewModel.swift */ = {isa = PBXFileReference; lastKnownFileType = sourcecode.swift; path = BookFormViewModel.swift; sourceTree = "<group>"; };
		7E4F8CFE2B8842C800524C74 /* Bookworm.app */ = {isa = PBXFileReference; explicitFileType = wrapper.application; includeInIndex = 0; path = Bookworm.app; sourceTree = BUILT_PRODUCTS_DIR; };
		7E4F8D012B8842C800524C74 /* BookwormApp.swift */ = {isa = PBXFileReference; lastKnownFileType = sourcecode.swift; path = BookwormApp.swift; sourceTree = "<group>"; };
		7E4F8D052B8842CA00524C74 /* Assets.xcassets */ = {isa = PBXFileReference; lastKnownFileType = folder.assetcatalog; path = Assets.xcassets; sourceTree = "<group>"; };
		7E4F8D072B8842CA00524C74 /* Bookworm.entitlements */ = {isa = PBXFileReference; lastKnownFileType = text.plist.entitlements; path = Bookworm.entitlements; sourceTree = "<group>"; };
		7E4F8D092B8842CA00524C74 /* Preview Assets.xcassets */ = {isa = PBXFileReference; lastKnownFileType = folder.assetcatalog; path = "Preview Assets.xcassets"; sourceTree = "<group>"; };
		7E4F8D2B2B88766300524C74 /* StorageError.swift */ = {isa = PBXFileReference; lastKnownFileType = sourcecode.swift; path = StorageError.swift; sourceTree = "<group>"; };
		7E53E1882B9406F700E72BA2 /* StoragePreviewSampleData.swift */ = {isa = PBXFileReference; lastKnownFileType = sourcecode.swift; path = StoragePreviewSampleData.swift; sourceTree = "<group>"; };
		7E53E18A2B943EF300E72BA2 /* EntityNames.swift */ = {isa = PBXFileReference; lastKnownFileType = sourcecode.swift; path = EntityNames.swift; sourceTree = "<group>"; };
		7E7A1E162B929EFC00F83C98 /* AuthorSelectionViewModel.swift */ = {isa = PBXFileReference; lastKnownFileType = sourcecode.swift; path = AuthorSelectionViewModel.swift; sourceTree = "<group>"; };
		7E7A1E182B92F0BB00F83C98 /* AuthorSelectionView.swift */ = {isa = PBXFileReference; lastKnownFileType = sourcecode.swift; path = AuthorSelectionView.swift; sourceTree = "<group>"; };
		7E7BCEEF2B8F1439005119CB /* BookFormView.swift */ = {isa = PBXFileReference; lastKnownFileType = sourcecode.swift; path = BookFormView.swift; sourceTree = "<group>"; };
		7E7BCEF52B8F1CAB005119CB /* Genre.swift */ = {isa = PBXFileReference; fileEncoding = 4; lastKnownFileType = sourcecode.swift; name = Genre.swift; path = "../../../../../100 Days of SwiftUI/Bookworm/Bookworm/Enum/Genre.swift"; sourceTree = "<group>"; };
		7E7BCEF72B8F1DC5005119CB /* RatingStar.swift */ = {isa = PBXFileReference; fileEncoding = 4; lastKnownFileType = sourcecode.swift; path = RatingStar.swift; sourceTree = "<group>"; };
		7EA10F2F2B8EA8DA0025914A /* iOSScene.swift */ = {isa = PBXFileReference; lastKnownFileType = sourcecode.swift; path = iOSScene.swift; sourceTree = "<group>"; };
		7EA10F382B8EFD190025914A /* AlertWithTextField.swift */ = {isa = PBXFileReference; fileEncoding = 4; lastKnownFileType = sourcecode.swift; path = AlertWithTextField.swift; sourceTree = "<group>"; };
		7EA9939E2B91749800D68D0C /* Storage.swift */ = {isa = PBXFileReference; lastKnownFileType = sourcecode.swift; path = Storage.swift; sourceTree = "<group>"; };
		7EFB97F12B8D66FD007615CF /* Icons.swift */ = {isa = PBXFileReference; lastKnownFileType = sourcecode.swift; path = Icons.swift; sourceTree = "<group>"; };
		7EFB97F72B8D97E0007615CF /* HomeView.swift */ = {isa = PBXFileReference; lastKnownFileType = sourcecode.swift; path = HomeView.swift; sourceTree = "<group>"; };
		7EFB97F92B8DAC37007615CF /* Cover.swift */ = {isa = PBXFileReference; lastKnownFileType = sourcecode.swift; path = Cover.swift; sourceTree = "<group>"; };
		7EFB97FD2B8DBE80007615CF /* HomeViewModel.swift */ = {isa = PBXFileReference; lastKnownFileType = sourcecode.swift; path = HomeViewModel.swift; sourceTree = "<group>"; };
/* End PBXFileReference section */

/* Begin PBXFrameworksBuildPhase section */
		7E4F8CFB2B8842C800524C74 /* Frameworks */ = {
			isa = PBXFrameworksBuildPhase;
			buildActionMask = 2147483647;
			files = (
			);
			runOnlyForDeploymentPostprocessing = 0;
		};
/* End PBXFrameworksBuildPhase section */

/* Begin PBXGroup section */
		7E4F8CF52B8842C800524C74 = {
			isa = PBXGroup;
			children = (
				7E4F8D002B8842C800524C74 /* Bookworm */,
				7E4F8CFF2B8842C800524C74 /* Products */,
			);
			sourceTree = "<group>";
		};
		7E4F8CFF2B8842C800524C74 /* Products */ = {
			isa = PBXGroup;
			children = (
				7E4F8CFE2B8842C800524C74 /* Bookworm.app */,
			);
			name = Products;
			sourceTree = "<group>";
		};
		7E4F8D002B8842C800524C74 /* Bookworm */ = {
			isa = PBXGroup;
			children = (
				7E4F8D012B8842C800524C74 /* BookwormApp.swift */,
				7EA10F312B8EA8E40025914A /* Scenes */,
				7E4F8D052B8842CA00524C74 /* Assets.xcassets */,
				7E4F8D072B8842CA00524C74 /* Bookworm.entitlements */,
				7E4F8D082B8842CA00524C74 /* Preview Content */,
				7E4F8D102B88431200524C74 /* Model */,
				7E4F8D112B88431900524C74 /* View */,
				7E4F8D122B88432500524C74 /* View Model */,
				7E4F8D282B8873C400524C74 /* Manager */,
			);
			path = Bookworm;
			sourceTree = "<group>";
		};
		7E4F8D082B8842CA00524C74 /* Preview Content */ = {
			isa = PBXGroup;
			children = (
				7E4F8D092B8842CA00524C74 /* Preview Assets.xcassets */,
				7E53E1882B9406F700E72BA2 /* StoragePreviewSampleData.swift */,
			);
			path = "Preview Content";
			sourceTree = "<group>";
		};
		7E4F8D102B88431200524C74 /* Model */ = {
			isa = PBXGroup;
			children = (
				7E03F3162B93BB6800B55C5B /* Author+CoreDataClass.swift */,
				7E03F3172B93BB6800B55C5B /* Author+CoreDataProperties.swift */,
				7E03F3122B93BB6800B55C5B /* Book+CoreDataClass.swift */,
				7E03F3132B93BB6800B55C5B /* Book+CoreDataProperties.swift */,
				7E03F3142B93BB6800B55C5B /* Annotation+CoreDataClass.swift */,
				7E03F3152B93BB6800B55C5B /* Annotation+CoreDataProperties.swift */,
				7E7BCEF52B8F1CAB005119CB /* Genre.swift */,
				7E03F30F2B93B19B00B55C5B /* Book.xcdatamodeld */,
				7E53E18A2B943EF300E72BA2 /* EntityNames.swift */,
			);
			path = Model;
			sourceTree = "<group>";
		};
		7E4F8D112B88431900524C74 /* View */ = {
			isa = PBXGroup;
			children = (
				7EB7E86A2B8C17E800000E45 /* Components */,
				7EFB97F72B8D97E0007615CF /* HomeView.swift */,
				7E7BCEEF2B8F1439005119CB /* BookFormView.swift */,
				7E7A1E182B92F0BB00F83C98 /* AuthorSelectionView.swift */,
				7E1D9CCF2B96EB8B003F4120 /* BookDetailView.swift */,
				7E12C7152B97FD4A0040624D /* AnnotationListView.swift */,
				7E12C7192B9806C00040624D /* AnnotationFormView.swift */,
			);
			path = View;
			sourceTree = "<group>";
		};
		7E4F8D122B88432500524C74 /* View Model */ = {
			isa = PBXGroup;
			children = (
				7EFB97FD2B8DBE80007615CF /* HomeViewModel.swift */,
				7E47B8D22B8F3772009F3586 /* BookFormViewModel.swift */,
				7E7A1E162B929EFC00F83C98 /* AuthorSelectionViewModel.swift */,
				7E1D9CD12B96F39D003F4120 /* BookDetailViewModel.swift */,
				7E12C7172B97FD740040624D /* AnnotationListViewModel.swift */,
				7E12C71B2B98174E0040624D /* AnnotationFormViewModel.swift */,
			);
			path = "View Model";
			sourceTree = "<group>";
		};
		7E4F8D282B8873C400524C74 /* Manager */ = {
			isa = PBXGroup;
			children = (
				7EA9939E2B91749800D68D0C /* Storage.swift */,
				7E4F8D2B2B88766300524C74 /* StorageError.swift */,
				7E2CEA272B8AC35A0075133F /* Authentication.swift */,
			);
			path = Manager;
			sourceTree = "<group>";
		};
		7EA10F312B8EA8E40025914A /* Scenes */ = {
			isa = PBXGroup;
			children = (
				7EA10F2F2B8EA8DA0025914A /* iOSScene.swift */,
			);
			path = Scenes;
			sourceTree = "<group>";
		};
		7EB7E86A2B8C17E800000E45 /* Components */ = {
			isa = PBXGroup;
			children = (
				7EFB97F12B8D66FD007615CF /* Icons.swift */,
				7EFB97F92B8DAC37007615CF /* Cover.swift */,
				7EA10F382B8EFD190025914A /* AlertWithTextField.swift */,
				7E7BCEF72B8F1DC5005119CB /* RatingStar.swift */,
			);
			path = Components;
			sourceTree = "<group>";
		};
/* End PBXGroup section */

/* Begin PBXNativeTarget section */
		7E4F8CFD2B8842C800524C74 /* Bookworm */ = {
			isa = PBXNativeTarget;
			buildConfigurationList = 7E4F8D0D2B8842CA00524C74 /* Build configuration list for PBXNativeTarget "Bookworm" */;
			buildPhases = (
				7E4F8CFA2B8842C800524C74 /* Sources */,
				7E4F8CFB2B8842C800524C74 /* Frameworks */,
				7E4F8CFC2B8842C800524C74 /* Resources */,
			);
			buildRules = (
			);
			dependencies = (
			);
			name = Bookworm;
			productName = Bookworm;
			productReference = 7E4F8CFE2B8842C800524C74 /* Bookworm.app */;
			productType = "com.apple.product-type.application";
		};
/* End PBXNativeTarget section */

/* Begin PBXProject section */
		7E4F8CF62B8842C800524C74 /* Project object */ = {
			isa = PBXProject;
			attributes = {
				BuildIndependentTargetsInParallel = 1;
				LastSwiftUpdateCheck = 1520;
				LastUpgradeCheck = 1520;
				TargetAttributes = {
					7E4F8CFD2B8842C800524C74 = {
						CreatedOnToolsVersion = 15.2;
					};
				};
			};
			buildConfigurationList = 7E4F8CF92B8842C800524C74 /* Build configuration list for PBXProject "Bookworm" */;
			compatibilityVersion = "Xcode 14.0";
			developmentRegion = en;
			hasScannedForEncodings = 0;
			knownRegions = (
				en,
				Base,
			);
			mainGroup = 7E4F8CF52B8842C800524C74;
			productRefGroup = 7E4F8CFF2B8842C800524C74 /* Products */;
			projectDirPath = "";
			projectRoot = "";
			targets = (
				7E4F8CFD2B8842C800524C74 /* Bookworm */,
			);
		};
/* End PBXProject section */

/* Begin PBXResourcesBuildPhase section */
		7E4F8CFC2B8842C800524C74 /* Resources */ = {
			isa = PBXResourcesBuildPhase;
			buildActionMask = 2147483647;
			files = (
				7E4F8D0A2B8842CA00524C74 /* Preview Assets.xcassets in Resources */,
				7E4F8D062B8842CA00524C74 /* Assets.xcassets in Resources */,
			);
			runOnlyForDeploymentPostprocessing = 0;
		};
/* End PBXResourcesBuildPhase section */

/* Begin PBXSourcesBuildPhase section */
		7E4F8CFA2B8842C800524C74 /* Sources */ = {
			isa = PBXSourcesBuildPhase;
			buildActionMask = 2147483647;
			files = (
				7E03F3112B93B19B00B55C5B /* Book.xcdatamodeld in Sources */,
				7EA10F302B8EA8DA0025914A /* iOSScene.swift in Sources */,
				7E03F31B2B93BB6800B55C5B /* Annotation+CoreDataProperties.swift in Sources */,
				7E4F8D022B8842C800524C74 /* BookwormApp.swift in Sources */,
				7EA9939F2B91749800D68D0C /* Storage.swift in Sources */,
				7E7A1E172B929EFC00F83C98 /* AuthorSelectionViewModel.swift in Sources */,
				7E53E1892B9406F700E72BA2 /* StoragePreviewSampleData.swift in Sources */,
				7E7A1E192B92F0BB00F83C98 /* AuthorSelectionView.swift in Sources */,
				7E03F31D2B93BB6800B55C5B /* Author+CoreDataProperties.swift in Sources */,
				7E12C7162B97FD4A0040624D /* AnnotationListView.swift in Sources */,
				7E4F8D2C2B88766300524C74 /* StorageError.swift in Sources */,
				7E53E18B2B943EF300E72BA2 /* EntityNames.swift in Sources */,
				7EFB97FA2B8DAC37007615CF /* Cover.swift in Sources */,
				7E7BCEF82B8F1DC5005119CB /* RatingStar.swift in Sources */,
				7EFB97FE2B8DBE80007615CF /* HomeViewModel.swift in Sources */,
				7E7BCEF02B8F1439005119CB /* BookFormView.swift in Sources */,
				7EFB97F22B8D66FD007615CF /* Icons.swift in Sources */,
				7E47B8D32B8F3772009F3586 /* BookFormViewModel.swift in Sources */,
				7E12C71C2B98174E0040624D /* AnnotationFormViewModel.swift in Sources */,
				7EA10F392B8EFD190025914A /* AlertWithTextField.swift in Sources */,
				7E03F31A2B93BB6800B55C5B /* Annotation+CoreDataClass.swift in Sources */,
				7E12C71A2B9806C00040624D /* AnnotationFormView.swift in Sources */,
				7E12C7182B97FD740040624D /* AnnotationListViewModel.swift in Sources */,
				7E2CEA282B8AC35A0075133F /* Authentication.swift in Sources */,
				7E03F3182B93BB6800B55C5B /* Book+CoreDataClass.swift in Sources */,
				7E03F31C2B93BB6800B55C5B /* Author+CoreDataClass.swift in Sources */,
				7EFB97F82B8D97E0007615CF /* HomeView.swift in Sources */,
				7E03F3192B93BB6800B55C5B /* Book+CoreDataProperties.swift in Sources */,
				7E1D9CD02B96EB8B003F4120 /* BookDetailView.swift in Sources */,
				7E7BCEF62B8F1CAB005119CB /* Genre.swift in Sources */,
				7E1D9CD22B96F39D003F4120 /* BookDetailViewModel.swift in Sources */,
			);
			runOnlyForDeploymentPostprocessing = 0;
		};
/* End PBXSourcesBuildPhase section */

/* Begin XCBuildConfiguration section */
		7E4F8D0B2B8842CA00524C74 /* Debug */ = {
			isa = XCBuildConfiguration;
			buildSettings = {
				ALWAYS_SEARCH_USER_PATHS = NO;
				ASSETCATALOG_COMPILER_GENERATE_SWIFT_ASSET_SYMBOL_EXTENSIONS = YES;
				CLANG_ANALYZER_NONNULL = YES;
				CLANG_ANALYZER_NUMBER_OBJECT_CONVERSION = YES_AGGRESSIVE;
				CLANG_CXX_LANGUAGE_STANDARD = "gnu++20";
				CLANG_ENABLE_MODULES = YES;
				CLANG_ENABLE_OBJC_ARC = YES;
				CLANG_ENABLE_OBJC_WEAK = YES;
				CLANG_WARN_BLOCK_CAPTURE_AUTORELEASING = YES;
				CLANG_WARN_BOOL_CONVERSION = YES;
				CLANG_WARN_COMMA = YES;
				CLANG_WARN_CONSTANT_CONVERSION = YES;
				CLANG_WARN_DEPRECATED_OBJC_IMPLEMENTATIONS = YES;
				CLANG_WARN_DIRECT_OBJC_ISA_USAGE = YES_ERROR;
				CLANG_WARN_DOCUMENTATION_COMMENTS = YES;
				CLANG_WARN_EMPTY_BODY = YES;
				CLANG_WARN_ENUM_CONVERSION = YES;
				CLANG_WARN_INFINITE_RECURSION = YES;
				CLANG_WARN_INT_CONVERSION = YES;
				CLANG_WARN_NON_LITERAL_NULL_CONVERSION = YES;
				CLANG_WARN_OBJC_IMPLICIT_RETAIN_SELF = YES;
				CLANG_WARN_OBJC_LITERAL_CONVERSION = YES;
				CLANG_WARN_OBJC_ROOT_CLASS = YES_ERROR;
				CLANG_WARN_QUOTED_INCLUDE_IN_FRAMEWORK_HEADER = YES;
				CLANG_WARN_RANGE_LOOP_ANALYSIS = YES;
				CLANG_WARN_STRICT_PROTOTYPES = YES;
				CLANG_WARN_SUSPICIOUS_MOVE = YES;
				CLANG_WARN_UNGUARDED_AVAILABILITY = YES_AGGRESSIVE;
				CLANG_WARN_UNREACHABLE_CODE = YES;
				CLANG_WARN__DUPLICATE_METHOD_MATCH = YES;
				COPY_PHASE_STRIP = NO;
				DEBUG_INFORMATION_FORMAT = dwarf;
				ENABLE_STRICT_OBJC_MSGSEND = YES;
				ENABLE_TESTABILITY = YES;
				ENABLE_USER_SCRIPT_SANDBOXING = YES;
				GCC_C_LANGUAGE_STANDARD = gnu17;
				GCC_DYNAMIC_NO_PIC = NO;
				GCC_NO_COMMON_BLOCKS = YES;
				GCC_OPTIMIZATION_LEVEL = 0;
				GCC_PREPROCESSOR_DEFINITIONS = (
					"DEBUG=1",
					"$(inherited)",
				);
				GCC_WARN_64_TO_32_BIT_CONVERSION = YES;
				GCC_WARN_ABOUT_RETURN_TYPE = YES_ERROR;
				GCC_WARN_UNDECLARED_SELECTOR = YES;
				GCC_WARN_UNINITIALIZED_AUTOS = YES_AGGRESSIVE;
				GCC_WARN_UNUSED_FUNCTION = YES;
				GCC_WARN_UNUSED_VARIABLE = YES;
				LOCALIZATION_PREFERS_STRING_CATALOGS = YES;
				MTL_ENABLE_DEBUG_INFO = INCLUDE_SOURCE;
				MTL_FAST_MATH = YES;
				ONLY_ACTIVE_ARCH = YES;
				SWIFT_ACTIVE_COMPILATION_CONDITIONS = "DEBUG $(inherited)";
				SWIFT_OPTIMIZATION_LEVEL = "-Onone";
			};
			name = Debug;
		};
		7E4F8D0C2B8842CA00524C74 /* Release */ = {
			isa = XCBuildConfiguration;
			buildSettings = {
				ALWAYS_SEARCH_USER_PATHS = NO;
				ASSETCATALOG_COMPILER_GENERATE_SWIFT_ASSET_SYMBOL_EXTENSIONS = YES;
				CLANG_ANALYZER_NONNULL = YES;
				CLANG_ANALYZER_NUMBER_OBJECT_CONVERSION = YES_AGGRESSIVE;
				CLANG_CXX_LANGUAGE_STANDARD = "gnu++20";
				CLANG_ENABLE_MODULES = YES;
				CLANG_ENABLE_OBJC_ARC = YES;
				CLANG_ENABLE_OBJC_WEAK = YES;
				CLANG_WARN_BLOCK_CAPTURE_AUTORELEASING = YES;
				CLANG_WARN_BOOL_CONVERSION = YES;
				CLANG_WARN_COMMA = YES;
				CLANG_WARN_CONSTANT_CONVERSION = YES;
				CLANG_WARN_DEPRECATED_OBJC_IMPLEMENTATIONS = YES;
				CLANG_WARN_DIRECT_OBJC_ISA_USAGE = YES_ERROR;
				CLANG_WARN_DOCUMENTATION_COMMENTS = YES;
				CLANG_WARN_EMPTY_BODY = YES;
				CLANG_WARN_ENUM_CONVERSION = YES;
				CLANG_WARN_INFINITE_RECURSION = YES;
				CLANG_WARN_INT_CONVERSION = YES;
				CLANG_WARN_NON_LITERAL_NULL_CONVERSION = YES;
				CLANG_WARN_OBJC_IMPLICIT_RETAIN_SELF = YES;
				CLANG_WARN_OBJC_LITERAL_CONVERSION = YES;
				CLANG_WARN_OBJC_ROOT_CLASS = YES_ERROR;
				CLANG_WARN_QUOTED_INCLUDE_IN_FRAMEWORK_HEADER = YES;
				CLANG_WARN_RANGE_LOOP_ANALYSIS = YES;
				CLANG_WARN_STRICT_PROTOTYPES = YES;
				CLANG_WARN_SUSPICIOUS_MOVE = YES;
				CLANG_WARN_UNGUARDED_AVAILABILITY = YES_AGGRESSIVE;
				CLANG_WARN_UNREACHABLE_CODE = YES;
				CLANG_WARN__DUPLICATE_METHOD_MATCH = YES;
				COPY_PHASE_STRIP = NO;
				DEBUG_INFORMATION_FORMAT = "dwarf-with-dsym";
				ENABLE_NS_ASSERTIONS = NO;
				ENABLE_STRICT_OBJC_MSGSEND = YES;
				ENABLE_USER_SCRIPT_SANDBOXING = YES;
				GCC_C_LANGUAGE_STANDARD = gnu17;
				GCC_NO_COMMON_BLOCKS = YES;
				GCC_WARN_64_TO_32_BIT_CONVERSION = YES;
				GCC_WARN_ABOUT_RETURN_TYPE = YES_ERROR;
				GCC_WARN_UNDECLARED_SELECTOR = YES;
				GCC_WARN_UNINITIALIZED_AUTOS = YES_AGGRESSIVE;
				GCC_WARN_UNUSED_FUNCTION = YES;
				GCC_WARN_UNUSED_VARIABLE = YES;
				LOCALIZATION_PREFERS_STRING_CATALOGS = YES;
				MTL_ENABLE_DEBUG_INFO = NO;
				MTL_FAST_MATH = YES;
				SWIFT_COMPILATION_MODE = wholemodule;
			};
			name = Release;
		};
		7E4F8D0E2B8842CA00524C74 /* Debug */ = {
			isa = XCBuildConfiguration;
			buildSettings = {
				ASSETCATALOG_COMPILER_APPICON_NAME = AppIcon;
				ASSETCATALOG_COMPILER_GLOBAL_ACCENT_COLOR_NAME = AccentColor;
				CODE_SIGN_ENTITLEMENTS = Bookworm/Bookworm.entitlements;
				CODE_SIGN_STYLE = Automatic;
				CURRENT_PROJECT_VERSION = 1;
				DEVELOPMENT_ASSET_PATHS = "\"Bookworm/Preview Content\"";
				DEVELOPMENT_TEAM = 9798UJJCY4;
				ENABLE_HARDENED_RUNTIME = YES;
				ENABLE_PREVIEWS = YES;
				GENERATE_INFOPLIST_FILE = YES;
				INFOPLIST_KEY_LSApplicationCategoryType = "public.app-category.books";
				INFOPLIST_KEY_NSFaceIDUsageDescription = "Authenticate to unlock your Book list.";
				"INFOPLIST_KEY_UIApplicationSceneManifest_Generation[sdk=iphoneos*]" = YES;
				"INFOPLIST_KEY_UIApplicationSceneManifest_Generation[sdk=iphonesimulator*]" = YES;
				"INFOPLIST_KEY_UIApplicationSupportsIndirectInputEvents[sdk=iphoneos*]" = YES;
				"INFOPLIST_KEY_UIApplicationSupportsIndirectInputEvents[sdk=iphonesimulator*]" = YES;
				"INFOPLIST_KEY_UILaunchScreen_Generation[sdk=iphoneos*]" = YES;
				"INFOPLIST_KEY_UILaunchScreen_Generation[sdk=iphonesimulator*]" = YES;
				"INFOPLIST_KEY_UIStatusBarStyle[sdk=iphoneos*]" = UIStatusBarStyleDefault;
				"INFOPLIST_KEY_UIStatusBarStyle[sdk=iphonesimulator*]" = UIStatusBarStyleDefault;
				INFOPLIST_KEY_UISupportedInterfaceOrientations_iPad = "UIInterfaceOrientationPortrait UIInterfaceOrientationPortraitUpsideDown UIInterfaceOrientationLandscapeLeft UIInterfaceOrientationLandscapeRight";
				INFOPLIST_KEY_UISupportedInterfaceOrientations_iPhone = "UIInterfaceOrientationPortrait UIInterfaceOrientationLandscapeLeft UIInterfaceOrientationLandscapeRight";
				IPHONEOS_DEPLOYMENT_TARGET = 17.2;
				LD_RUNPATH_SEARCH_PATHS = "@executable_path/Frameworks";
				"LD_RUNPATH_SEARCH_PATHS[sdk=macosx*]" = "@executable_path/../Frameworks";
				MACOSX_DEPLOYMENT_TARGET = 14.2;
				MARKETING_VERSION = 1.0;
				PRODUCT_BUNDLE_IDENTIFIER = Isaque.Bookworm;
				PRODUCT_NAME = "$(TARGET_NAME)";
				SDKROOT = auto;
				SUPPORTED_PLATFORMS = "iphoneos iphonesimulator macosx";
				SWIFT_EMIT_LOC_STRINGS = YES;
				SWIFT_VERSION = 5.0;
				TARGETED_DEVICE_FAMILY = "1,2";
			};
			name = Debug;
		};
		7E4F8D0F2B8842CA00524C74 /* Release */ = {
			isa = XCBuildConfiguration;
			buildSettings = {
				ASSETCATALOG_COMPILER_APPICON_NAME = AppIcon;
				ASSETCATALOG_COMPILER_GLOBAL_ACCENT_COLOR_NAME = AccentColor;
				CODE_SIGN_ENTITLEMENTS = Bookworm/Bookworm.entitlements;
				CODE_SIGN_STYLE = Automatic;
				CURRENT_PROJECT_VERSION = 1;
				DEVELOPMENT_ASSET_PATHS = "\"Bookworm/Preview Content\"";
				DEVELOPMENT_TEAM = 9798UJJCY4;
				ENABLE_HARDENED_RUNTIME = YES;
				ENABLE_PREVIEWS = YES;
				GENERATE_INFOPLIST_FILE = YES;
				INFOPLIST_KEY_LSApplicationCategoryType = "public.app-category.books";
				INFOPLIST_KEY_NSFaceIDUsageDescription = "Authenticate to unlock your Book list.";
				"INFOPLIST_KEY_UIApplicationSceneManifest_Generation[sdk=iphoneos*]" = YES;
				"INFOPLIST_KEY_UIApplicationSceneManifest_Generation[sdk=iphonesimulator*]" = YES;
				"INFOPLIST_KEY_UIApplicationSupportsIndirectInputEvents[sdk=iphoneos*]" = YES;
				"INFOPLIST_KEY_UIApplicationSupportsIndirectInputEvents[sdk=iphonesimulator*]" = YES;
				"INFOPLIST_KEY_UILaunchScreen_Generation[sdk=iphoneos*]" = YES;
				"INFOPLIST_KEY_UILaunchScreen_Generation[sdk=iphonesimulator*]" = YES;
				"INFOPLIST_KEY_UIStatusBarStyle[sdk=iphoneos*]" = UIStatusBarStyleDefault;
				"INFOPLIST_KEY_UIStatusBarStyle[sdk=iphonesimulator*]" = UIStatusBarStyleDefault;
				INFOPLIST_KEY_UISupportedInterfaceOrientations_iPad = "UIInterfaceOrientationPortrait UIInterfaceOrientationPortraitUpsideDown UIInterfaceOrientationLandscapeLeft UIInterfaceOrientationLandscapeRight";
				INFOPLIST_KEY_UISupportedInterfaceOrientations_iPhone = "UIInterfaceOrientationPortrait UIInterfaceOrientationLandscapeLeft UIInterfaceOrientationLandscapeRight";
				IPHONEOS_DEPLOYMENT_TARGET = 17.2;
				LD_RUNPATH_SEARCH_PATHS = "@executable_path/Frameworks";
				"LD_RUNPATH_SEARCH_PATHS[sdk=macosx*]" = "@executable_path/../Frameworks";
				MACOSX_DEPLOYMENT_TARGET = 14.2;
				MARKETING_VERSION = 1.0;
				PRODUCT_BUNDLE_IDENTIFIER = Isaque.Bookworm;
				PRODUCT_NAME = "$(TARGET_NAME)";
				SDKROOT = auto;
				SUPPORTED_PLATFORMS = "iphoneos iphonesimulator macosx";
				SWIFT_EMIT_LOC_STRINGS = YES;
				SWIFT_VERSION = 5.0;
				TARGETED_DEVICE_FAMILY = "1,2";
			};
			name = Release;
		};
/* End XCBuildConfiguration section */

/* Begin XCConfigurationList section */
		7E4F8CF92B8842C800524C74 /* Build configuration list for PBXProject "Bookworm" */ = {
			isa = XCConfigurationList;
			buildConfigurations = (
				7E4F8D0B2B8842CA00524C74 /* Debug */,
				7E4F8D0C2B8842CA00524C74 /* Release */,
			);
			defaultConfigurationIsVisible = 0;
			defaultConfigurationName = Release;
		};
		7E4F8D0D2B8842CA00524C74 /* Build configuration list for PBXNativeTarget "Bookworm" */ = {
			isa = XCConfigurationList;
			buildConfigurations = (
				7E4F8D0E2B8842CA00524C74 /* Debug */,
				7E4F8D0F2B8842CA00524C74 /* Release */,
			);
			defaultConfigurationIsVisible = 0;
			defaultConfigurationName = Release;
		};
/* End XCConfigurationList section */

/* Begin XCVersionGroup section */
		7E03F30F2B93B19B00B55C5B /* Book.xcdatamodeld */ = {
			isa = XCVersionGroup;
			children = (
				7E03F3102B93B19B00B55C5B /* Book.xcdatamodel */,
			);
			currentVersion = 7E03F3102B93B19B00B55C5B /* Book.xcdatamodel */;
			path = Book.xcdatamodeld;
			sourceTree = "<group>";
			versionGroupType = wrapper.xcdatamodel;
		};
/* End XCVersionGroup section */
	};
	rootObject = 7E4F8CF62B8842C800524C74 /* Project object */;
}
