// !$*UTF8*$!
{
	archiveVersion = 1;
	classes = {
	};
	objectVersion = 56;
	objects = {

/* Begin PBXBuildFile section */
		7E8FB6C42A9D57A100B4E1CB /* Book+CoreDataClass.swift in Sources */ = {isa = PBXBuildFile; fileRef = 7E8FB6C22A9D57A100B4E1CB /* Book+CoreDataClass.swift */; };
		7E8FB6C52A9D57A100B4E1CB /* Book+CoreDataProperties.swift in Sources */ = {isa = PBXBuildFile; fileRef = 7E8FB6C32A9D57A100B4E1CB /* Book+CoreDataProperties.swift */; };
		7EDA6E6E2A9A943C0067C714 /* BookwormsApp.swift in Sources */ = {isa = PBXBuildFile; fileRef = 7EDA6E6D2A9A943C0067C714 /* BookwormsApp.swift */; };
		7EDA6E702A9A943C0067C714 /* ContentView.swift in Sources */ = {isa = PBXBuildFile; fileRef = 7EDA6E6F2A9A943C0067C714 /* ContentView.swift */; };
		7EDA6E722A9A943D0067C714 /* Assets.xcassets in Resources */ = {isa = PBXBuildFile; fileRef = 7EDA6E712A9A943D0067C714 /* Assets.xcassets */; };
		7EDA6E752A9A943D0067C714 /* Preview Assets.xcassets in Resources */ = {isa = PBXBuildFile; fileRef = 7EDA6E742A9A943D0067C714 /* Preview Assets.xcassets */; };
		7EDA6E802A9A94E50067C714 /* Bookworm.xcdatamodeld in Sources */ = {isa = PBXBuildFile; fileRef = 7EDA6E7E2A9A94E50067C714 /* Bookworm.xcdatamodeld */; };
		7EDA6E822A9A95EB0067C714 /* BookwormViewModel.swift in Sources */ = {isa = PBXBuildFile; fileRef = 7EDA6E812A9A95EB0067C714 /* BookwormViewModel.swift */; };
		7EDA6E852A9A9F430067C714 /* ContentViewModel.swift in Sources */ = {isa = PBXBuildFile; fileRef = 7EDA6E842A9A9F430067C714 /* ContentViewModel.swift */; };
		7EDA6E872A9A9F930067C714 /* AddNewBookView.swift in Sources */ = {isa = PBXBuildFile; fileRef = 7EDA6E862A9A9F930067C714 /* AddNewBookView.swift */; };
		7EDA6E892A9A9FEE0067C714 /* AddNewBookViewModel.swift in Sources */ = {isa = PBXBuildFile; fileRef = 7EDA6E882A9A9FEE0067C714 /* AddNewBookViewModel.swift */; };
		7EDA6E8B2A9AA5070067C714 /* Rating.swift in Sources */ = {isa = PBXBuildFile; fileRef = 7EDA6E8A2A9AA5070067C714 /* Rating.swift */; };
		7EDA6E8D2A9AAA060067C714 /* EmojiRating.swift in Sources */ = {isa = PBXBuildFile; fileRef = 7EDA6E8C2A9AAA060067C714 /* EmojiRating.swift */; };
		7EDA6E8F2A9ACA0C0067C714 /* DetailsView.swift in Sources */ = {isa = PBXBuildFile; fileRef = 7EDA6E8E2A9ACA0C0067C714 /* DetailsView.swift */; };
		7EDA6E912A9ACF7A0067C714 /* DetailViewModel.swift in Sources */ = {isa = PBXBuildFile; fileRef = 7EDA6E902A9ACF7A0067C714 /* DetailViewModel.swift */; };
		7EE39AA92AA03B02001FDCDF /* CoreDataManager.swift in Sources */ = {isa = PBXBuildFile; fileRef = 7EE39AA82AA03B02001FDCDF /* CoreDataManager.swift */; };
/* End PBXBuildFile section */

/* Begin PBXFileReference section */
		7E8FB6C22A9D57A100B4E1CB /* Book+CoreDataClass.swift */ = {isa = PBXFileReference; lastKnownFileType = sourcecode.swift; path = "Book+CoreDataClass.swift"; sourceTree = SOURCE_ROOT; };
		7E8FB6C32A9D57A100B4E1CB /* Book+CoreDataProperties.swift */ = {isa = PBXFileReference; lastKnownFileType = sourcecode.swift; path = "Book+CoreDataProperties.swift"; sourceTree = SOURCE_ROOT; };
		7EDA6E6A2A9A943C0067C714 /* Bookworms.app */ = {isa = PBXFileReference; explicitFileType = wrapper.application; includeInIndex = 0; path = Bookworms.app; sourceTree = BUILT_PRODUCTS_DIR; };
		7EDA6E6D2A9A943C0067C714 /* BookwormsApp.swift */ = {isa = PBXFileReference; lastKnownFileType = sourcecode.swift; path = BookwormsApp.swift; sourceTree = "<group>"; };
		7EDA6E6F2A9A943C0067C714 /* ContentView.swift */ = {isa = PBXFileReference; lastKnownFileType = sourcecode.swift; path = ContentView.swift; sourceTree = "<group>"; };
		7EDA6E712A9A943D0067C714 /* Assets.xcassets */ = {isa = PBXFileReference; lastKnownFileType = folder.assetcatalog; path = Assets.xcassets; sourceTree = "<group>"; };
		7EDA6E742A9A943D0067C714 /* Preview Assets.xcassets */ = {isa = PBXFileReference; lastKnownFileType = folder.assetcatalog; path = "Preview Assets.xcassets"; sourceTree = "<group>"; };
		7EDA6E7F2A9A94E50067C714 /* Bookworms.xcdatamodel */ = {isa = PBXFileReference; lastKnownFileType = wrapper.xcdatamodel; path = Bookworms.xcdatamodel; sourceTree = "<group>"; };
		7EDA6E812A9A95EB0067C714 /* BookwormViewModel.swift */ = {isa = PBXFileReference; lastKnownFileType = sourcecode.swift; path = BookwormViewModel.swift; sourceTree = "<group>"; };
		7EDA6E842A9A9F430067C714 /* ContentViewModel.swift */ = {isa = PBXFileReference; lastKnownFileType = sourcecode.swift; path = ContentViewModel.swift; sourceTree = "<group>"; };
		7EDA6E862A9A9F930067C714 /* AddNewBookView.swift */ = {isa = PBXFileReference; lastKnownFileType = sourcecode.swift; path = AddNewBookView.swift; sourceTree = "<group>"; };
		7EDA6E882A9A9FEE0067C714 /* AddNewBookViewModel.swift */ = {isa = PBXFileReference; lastKnownFileType = sourcecode.swift; path = AddNewBookViewModel.swift; sourceTree = "<group>"; };
		7EDA6E8A2A9AA5070067C714 /* Rating.swift */ = {isa = PBXFileReference; lastKnownFileType = sourcecode.swift; path = Rating.swift; sourceTree = "<group>"; };
		7EDA6E8C2A9AAA060067C714 /* EmojiRating.swift */ = {isa = PBXFileReference; lastKnownFileType = sourcecode.swift; path = EmojiRating.swift; sourceTree = "<group>"; };
		7EDA6E8E2A9ACA0C0067C714 /* DetailsView.swift */ = {isa = PBXFileReference; lastKnownFileType = sourcecode.swift; path = DetailsView.swift; sourceTree = "<group>"; };
		7EDA6E902A9ACF7A0067C714 /* DetailViewModel.swift */ = {isa = PBXFileReference; lastKnownFileType = sourcecode.swift; path = DetailViewModel.swift; sourceTree = "<group>"; };
		7EE39AA82AA03B02001FDCDF /* CoreDataManager.swift */ = {isa = PBXFileReference; lastKnownFileType = sourcecode.swift; path = CoreDataManager.swift; sourceTree = "<group>"; };
/* End PBXFileReference section */

/* Begin PBXFrameworksBuildPhase section */
		7EDA6E672A9A943C0067C714 /* Frameworks */ = {
			isa = PBXFrameworksBuildPhase;
			buildActionMask = 2147483647;
			files = (
			);
			runOnlyForDeploymentPostprocessing = 0;
		};
/* End PBXFrameworksBuildPhase section */

/* Begin PBXGroup section */
		7EDA6E612A9A943B0067C714 = {
			isa = PBXGroup;
			children = (
				7EDA6E6C2A9A943C0067C714 /* Bookworms */,
				7EDA6E7B2A9A94990067C714 /* Model */,
				7EDA6E7C2A9A94A60067C714 /* View */,
				7EDA6E7D2A9A94BA0067C714 /* View-Model */,
				7EDA6E832A9A9EF50067C714 /* UIComponents */,
				7EDA6E6B2A9A943C0067C714 /* Products */,
			);
			sourceTree = "<group>";
		};
		7EDA6E6B2A9A943C0067C714 /* Products */ = {
			isa = PBXGroup;
			children = (
				7EDA6E6A2A9A943C0067C714 /* Bookworms.app */,
			);
			name = Products;
			sourceTree = "<group>";
		};
		7EDA6E6C2A9A943C0067C714 /* Bookworms */ = {
			isa = PBXGroup;
			children = (
				7EDA6E6D2A9A943C0067C714 /* BookwormsApp.swift */,
				7EDA6E712A9A943D0067C714 /* Assets.xcassets */,
				7EDA6E732A9A943D0067C714 /* Preview Content */,
			);
			path = Bookworms;
			sourceTree = "<group>";
		};
		7EDA6E732A9A943D0067C714 /* Preview Content */ = {
			isa = PBXGroup;
			children = (
				7EDA6E742A9A943D0067C714 /* Preview Assets.xcassets */,
			);
			path = "Preview Content";
			sourceTree = "<group>";
		};
		7EDA6E7B2A9A94990067C714 /* Model */ = {
			isa = PBXGroup;
			children = (
				7E8FB6C22A9D57A100B4E1CB /* Book+CoreDataClass.swift */,
				7E8FB6C32A9D57A100B4E1CB /* Book+CoreDataProperties.swift */,
				7EDA6E7E2A9A94E50067C714 /* Bookworm.xcdatamodeld */,
				7EE39AA82AA03B02001FDCDF /* CoreDataManager.swift */,
			);
			path = Model;
			sourceTree = "<group>";
		};
		7EDA6E7C2A9A94A60067C714 /* View */ = {
			isa = PBXGroup;
			children = (
				7EDA6E6F2A9A943C0067C714 /* ContentView.swift */,
				7EDA6E862A9A9F930067C714 /* AddNewBookView.swift */,
				7EDA6E8E2A9ACA0C0067C714 /* DetailsView.swift */,
			);
			path = View;
			sourceTree = "<group>";
		};
		7EDA6E7D2A9A94BA0067C714 /* View-Model */ = {
			isa = PBXGroup;
			children = (
				7EDA6E812A9A95EB0067C714 /* BookwormViewModel.swift */,
				7EDA6E842A9A9F430067C714 /* ContentViewModel.swift */,
				7EDA6E882A9A9FEE0067C714 /* AddNewBookViewModel.swift */,
				7EDA6E902A9ACF7A0067C714 /* DetailViewModel.swift */,
			);
			path = "View-Model";
			sourceTree = "<group>";
		};
		7EDA6E832A9A9EF50067C714 /* UIComponents */ = {
			isa = PBXGroup;
			children = (
				7EDA6E8A2A9AA5070067C714 /* Rating.swift */,
				7EDA6E8C2A9AAA060067C714 /* EmojiRating.swift */,
			);
			path = UIComponents;
			sourceTree = "<group>";
		};
/* End PBXGroup section */

/* Begin PBXNativeTarget section */
		7EDA6E692A9A943C0067C714 /* Bookworms */ = {
			isa = PBXNativeTarget;
			buildConfigurationList = 7EDA6E782A9A943D0067C714 /* Build configuration list for PBXNativeTarget "Bookworms" */;
			buildPhases = (
				7EDA6E662A9A943C0067C714 /* Sources */,
				7EDA6E672A9A943C0067C714 /* Frameworks */,
				7EDA6E682A9A943C0067C714 /* Resources */,
			);
			buildRules = (
			);
			dependencies = (
			);
			name = Bookworms;
			productName = Bookworms;
			productReference = 7EDA6E6A2A9A943C0067C714 /* Bookworms.app */;
			productType = "com.apple.product-type.application";
		};
/* End PBXNativeTarget section */

/* Begin PBXProject section */
		7EDA6E622A9A943B0067C714 /* Project object */ = {
			isa = PBXProject;
			attributes = {
				BuildIndependentTargetsInParallel = 1;
				LastSwiftUpdateCheck = 1430;
				LastUpgradeCheck = 1430;
				TargetAttributes = {
					7EDA6E692A9A943C0067C714 = {
						CreatedOnToolsVersion = 14.3.1;
					};
				};
			};
			buildConfigurationList = 7EDA6E652A9A943B0067C714 /* Build configuration list for PBXProject "Bookworms" */;
			compatibilityVersion = "Xcode 14.0";
			developmentRegion = en;
			hasScannedForEncodings = 0;
			knownRegions = (
				en,
				Base,
			);
			mainGroup = 7EDA6E612A9A943B0067C714;
			productRefGroup = 7EDA6E6B2A9A943C0067C714 /* Products */;
			projectDirPath = "";
			projectRoot = "";
			targets = (
				7EDA6E692A9A943C0067C714 /* Bookworms */,
			);
		};
/* End PBXProject section */

/* Begin PBXResourcesBuildPhase section */
		7EDA6E682A9A943C0067C714 /* Resources */ = {
			isa = PBXResourcesBuildPhase;
			buildActionMask = 2147483647;
			files = (
				7EDA6E752A9A943D0067C714 /* Preview Assets.xcassets in Resources */,
				7EDA6E722A9A943D0067C714 /* Assets.xcassets in Resources */,
			);
			runOnlyForDeploymentPostprocessing = 0;
		};
/* End PBXResourcesBuildPhase section */

/* Begin PBXSourcesBuildPhase section */
		7EDA6E662A9A943C0067C714 /* Sources */ = {
			isa = PBXSourcesBuildPhase;
			buildActionMask = 2147483647;
			files = (
				7EDA6E702A9A943C0067C714 /* ContentView.swift in Sources */,
				7E8FB6C52A9D57A100B4E1CB /* Book+CoreDataProperties.swift in Sources */,
				7EDA6E8F2A9ACA0C0067C714 /* DetailsView.swift in Sources */,
				7EDA6E802A9A94E50067C714 /* Bookworm.xcdatamodeld in Sources */,
				7EDA6E892A9A9FEE0067C714 /* AddNewBookViewModel.swift in Sources */,
				7EDA6E872A9A9F930067C714 /* AddNewBookView.swift in Sources */,
				7EDA6E8B2A9AA5070067C714 /* Rating.swift in Sources */,
				7EDA6E8D2A9AAA060067C714 /* EmojiRating.swift in Sources */,
				7EDA6E822A9A95EB0067C714 /* BookwormViewModel.swift in Sources */,
				7EDA6E6E2A9A943C0067C714 /* BookwormsApp.swift in Sources */,
				7EDA6E912A9ACF7A0067C714 /* DetailViewModel.swift in Sources */,
				7E8FB6C42A9D57A100B4E1CB /* Book+CoreDataClass.swift in Sources */,
				7EE39AA92AA03B02001FDCDF /* CoreDataManager.swift in Sources */,
				7EDA6E852A9A9F430067C714 /* ContentViewModel.swift in Sources */,
			);
			runOnlyForDeploymentPostprocessing = 0;
		};
/* End PBXSourcesBuildPhase section */

/* Begin XCBuildConfiguration section */
		7EDA6E762A9A943D0067C714 /* Debug */ = {
			isa = XCBuildConfiguration;
			buildSettings = {
				ALWAYS_SEARCH_USER_PATHS = NO;
				CLANG_ANALYZER_NONNULL = YES;
				CLANG_ANALYZER_NUMBER_OBJECT_CONVERSION = YES_AGGRESSIVE;
				CLANG_CXX_LANGUAGE_STANDARD = "gnu++20";
				CLANG_ENABLE_MODULES = YES;
				CLANG_ENABLE_OBJC_ARC = YES;
				CLANG_ENABLE_OBJC_WEAK = YES;
				CLANG_WARN_BLOCK_CAPTURE_AUTORELEASING = YES;
				CLANG_WARN_BOOL_CONVERSION = YES;
				CLANG_WARN_COMMA = YES;
				CLANG_WARN_CONSTANT_CONVERSION = YES;
				CLANG_WARN_DEPRECATED_OBJC_IMPLEMENTATIONS = YES;
				CLANG_WARN_DIRECT_OBJC_ISA_USAGE = YES_ERROR;
				CLANG_WARN_DOCUMENTATION_COMMENTS = YES;
				CLANG_WARN_EMPTY_BODY = YES;
				CLANG_WARN_ENUM_CONVERSION = YES;
				CLANG_WARN_INFINITE_RECURSION = YES;
				CLANG_WARN_INT_CONVERSION = YES;
				CLANG_WARN_NON_LITERAL_NULL_CONVERSION = YES;
				CLANG_WARN_OBJC_IMPLICIT_RETAIN_SELF = YES;
				CLANG_WARN_OBJC_LITERAL_CONVERSION = YES;
				CLANG_WARN_OBJC_ROOT_CLASS = YES_ERROR;
				CLANG_WARN_QUOTED_INCLUDE_IN_FRAMEWORK_HEADER = YES;
				CLANG_WARN_RANGE_LOOP_ANALYSIS = YES;
				CLANG_WARN_STRICT_PROTOTYPES = YES;
				CLANG_WARN_SUSPICIOUS_MOVE = YES;
				CLANG_WARN_UNGUARDED_AVAILABILITY = YES_AGGRESSIVE;
				CLANG_WARN_UNREACHABLE_CODE = YES;
				CLANG_WARN__DUPLICATE_METHOD_MATCH = YES;
				COPY_PHASE_STRIP = NO;
				DEBUG_INFORMATION_FORMAT = dwarf;
				ENABLE_STRICT_OBJC_MSGSEND = YES;
				ENABLE_TESTABILITY = YES;
				GCC_C_LANGUAGE_STANDARD = gnu11;
				GCC_DYNAMIC_NO_PIC = NO;
				GCC_NO_COMMON_BLOCKS = YES;
				GCC_OPTIMIZATION_LEVEL = 0;
				GCC_PREPROCESSOR_DEFINITIONS = (
					"DEBUG=1",
					"$(inherited)",
				);
				GCC_WARN_64_TO_32_BIT_CONVERSION = YES;
				GCC_WARN_ABOUT_RETURN_TYPE = YES_ERROR;
				GCC_WARN_UNDECLARED_SELECTOR = YES;
				GCC_WARN_UNINITIALIZED_AUTOS = YES_AGGRESSIVE;
				GCC_WARN_UNUSED_FUNCTION = YES;
				GCC_WARN_UNUSED_VARIABLE = YES;
				IPHONEOS_DEPLOYMENT_TARGET = 16.4;
				MTL_ENABLE_DEBUG_INFO = INCLUDE_SOURCE;
				MTL_FAST_MATH = YES;
				ONLY_ACTIVE_ARCH = YES;
				SDKROOT = iphoneos;
				SWIFT_ACTIVE_COMPILATION_CONDITIONS = DEBUG;
				SWIFT_OPTIMIZATION_LEVEL = "-Onone";
			};
			name = Debug;
		};
		7EDA6E772A9A943D0067C714 /* Release */ = {
			isa = XCBuildConfiguration;
			buildSettings = {
				ALWAYS_SEARCH_USER_PATHS = NO;
				CLANG_ANALYZER_NONNULL = YES;
				CLANG_ANALYZER_NUMBER_OBJECT_CONVERSION = YES_AGGRESSIVE;
				CLANG_CXX_LANGUAGE_STANDARD = "gnu++20";
				CLANG_ENABLE_MODULES = YES;
				CLANG_ENABLE_OBJC_ARC = YES;
				CLANG_ENABLE_OBJC_WEAK = YES;
				CLANG_WARN_BLOCK_CAPTURE_AUTORELEASING = YES;
				CLANG_WARN_BOOL_CONVERSION = YES;
				CLANG_WARN_COMMA = YES;
				CLANG_WARN_CONSTANT_CONVERSION = YES;
				CLANG_WARN_DEPRECATED_OBJC_IMPLEMENTATIONS = YES;
				CLANG_WARN_DIRECT_OBJC_ISA_USAGE = YES_ERROR;
				CLANG_WARN_DOCUMENTATION_COMMENTS = YES;
				CLANG_WARN_EMPTY_BODY = YES;
				CLANG_WARN_ENUM_CONVERSION = YES;
				CLANG_WARN_INFINITE_RECURSION = YES;
				CLANG_WARN_INT_CONVERSION = YES;
				CLANG_WARN_NON_LITERAL_NULL_CONVERSION = YES;
				CLANG_WARN_OBJC_IMPLICIT_RETAIN_SELF = YES;
				CLANG_WARN_OBJC_LITERAL_CONVERSION = YES;
				CLANG_WARN_OBJC_ROOT_CLASS = YES_ERROR;
				CLANG_WARN_QUOTED_INCLUDE_IN_FRAMEWORK_HEADER = YES;
				CLANG_WARN_RANGE_LOOP_ANALYSIS = YES;
				CLANG_WARN_STRICT_PROTOTYPES = YES;
				CLANG_WARN_SUSPICIOUS_MOVE = YES;
				CLANG_WARN_UNGUARDED_AVAILABILITY = YES_AGGRESSIVE;
				CLANG_WARN_UNREACHABLE_CODE = YES;
				CLANG_WARN__DUPLICATE_METHOD_MATCH = YES;
				COPY_PHASE_STRIP = NO;
				DEBUG_INFORMATION_FORMAT = "dwarf-with-dsym";
				ENABLE_NS_ASSERTIONS = NO;
				ENABLE_STRICT_OBJC_MSGSEND = YES;
				GCC_C_LANGUAGE_STANDARD = gnu11;
				GCC_NO_COMMON_BLOCKS = YES;
				GCC_WARN_64_TO_32_BIT_CONVERSION = YES;
				GCC_WARN_ABOUT_RETURN_TYPE = YES_ERROR;
				GCC_WARN_UNDECLARED_SELECTOR = YES;
				GCC_WARN_UNINITIALIZED_AUTOS = YES_AGGRESSIVE;
				GCC_WARN_UNUSED_FUNCTION = YES;
				GCC_WARN_UNUSED_VARIABLE = YES;
				IPHONEOS_DEPLOYMENT_TARGET = 16.4;
				MTL_ENABLE_DEBUG_INFO = NO;
				MTL_FAST_MATH = YES;
				SDKROOT = iphoneos;
				SWIFT_COMPILATION_MODE = wholemodule;
				SWIFT_OPTIMIZATION_LEVEL = "-O";
				VALIDATE_PRODUCT = YES;
			};
			name = Release;
		};
		7EDA6E792A9A943D0067C714 /* Debug */ = {
			isa = XCBuildConfiguration;
			buildSettings = {
				ASSETCATALOG_COMPILER_APPICON_NAME = AppIcon;
				ASSETCATALOG_COMPILER_GLOBAL_ACCENT_COLOR_NAME = AccentColor;
				CODE_SIGN_STYLE = Automatic;
				CURRENT_PROJECT_VERSION = 1;
				DEVELOPMENT_ASSET_PATHS = "\"Bookworms/Preview Content\"";
				DEVELOPMENT_TEAM = 9798UJJCY4;
				ENABLE_PREVIEWS = YES;
				GENERATE_INFOPLIST_FILE = YES;
				INFOPLIST_KEY_UIApplicationSceneManifest_Generation = YES;
				INFOPLIST_KEY_UIApplicationSupportsIndirectInputEvents = YES;
				INFOPLIST_KEY_UILaunchScreen_Generation = YES;
				INFOPLIST_KEY_UISupportedInterfaceOrientations_iPad = "UIInterfaceOrientationPortrait UIInterfaceOrientationPortraitUpsideDown UIInterfaceOrientationLandscapeLeft UIInterfaceOrientationLandscapeRight";
				INFOPLIST_KEY_UISupportedInterfaceOrientations_iPhone = "UIInterfaceOrientationPortrait UIInterfaceOrientationLandscapeLeft UIInterfaceOrientationLandscapeRight";
				LD_RUNPATH_SEARCH_PATHS = (
					"$(inherited)",
					"@executable_path/Frameworks",
				);
				MARKETING_VERSION = 1.0;
				PRODUCT_BUNDLE_IDENTIFIER = Isaque.Bookworms;
				PRODUCT_NAME = "$(TARGET_NAME)";
				SWIFT_EMIT_LOC_STRINGS = YES;
				SWIFT_VERSION = 5.0;
				TARGETED_DEVICE_FAMILY = "1,2";
			};
			name = Debug;
		};
		7EDA6E7A2A9A943D0067C714 /* Release */ = {
			isa = XCBuildConfiguration;
			buildSettings = {
				ASSETCATALOG_COMPILER_APPICON_NAME = AppIcon;
				ASSETCATALOG_COMPILER_GLOBAL_ACCENT_COLOR_NAME = AccentColor;
				CODE_SIGN_STYLE = Automatic;
				CURRENT_PROJECT_VERSION = 1;
				DEVELOPMENT_ASSET_PATHS = "\"Bookworms/Preview Content\"";
				DEVELOPMENT_TEAM = 9798UJJCY4;
				ENABLE_PREVIEWS = YES;
				GENERATE_INFOPLIST_FILE = YES;
				INFOPLIST_KEY_UIApplicationSceneManifest_Generation = YES;
				INFOPLIST_KEY_UIApplicationSupportsIndirectInputEvents = YES;
				INFOPLIST_KEY_UILaunchScreen_Generation = YES;
				INFOPLIST_KEY_UISupportedInterfaceOrientations_iPad = "UIInterfaceOrientationPortrait UIInterfaceOrientationPortraitUpsideDown UIInterfaceOrientationLandscapeLeft UIInterfaceOrientationLandscapeRight";
				INFOPLIST_KEY_UISupportedInterfaceOrientations_iPhone = "UIInterfaceOrientationPortrait UIInterfaceOrientationLandscapeLeft UIInterfaceOrientationLandscapeRight";
				LD_RUNPATH_SEARCH_PATHS = (
					"$(inherited)",
					"@executable_path/Frameworks",
				);
				MARKETING_VERSION = 1.0;
				PRODUCT_BUNDLE_IDENTIFIER = Isaque.Bookworms;
				PRODUCT_NAME = "$(TARGET_NAME)";
				SWIFT_EMIT_LOC_STRINGS = YES;
				SWIFT_VERSION = 5.0;
				TARGETED_DEVICE_FAMILY = "1,2";
			};
			name = Release;
		};
/* End XCBuildConfiguration section */

/* Begin XCConfigurationList section */
		7EDA6E652A9A943B0067C714 /* Build configuration list for PBXProject "Bookworms" */ = {
			isa = XCConfigurationList;
			buildConfigurations = (
				7EDA6E762A9A943D0067C714 /* Debug */,
				7EDA6E772A9A943D0067C714 /* Release */,
			);
			defaultConfigurationIsVisible = 0;
			defaultConfigurationName = Release;
		};
		7EDA6E782A9A943D0067C714 /* Build configuration list for PBXNativeTarget "Bookworms" */ = {
			isa = XCConfigurationList;
			buildConfigurations = (
				7EDA6E792A9A943D0067C714 /* Debug */,
				7EDA6E7A2A9A943D0067C714 /* Release */,
			);
			defaultConfigurationIsVisible = 0;
			defaultConfigurationName = Release;
		};
/* End XCConfigurationList section */

/* Begin XCVersionGroup section */
		7EDA6E7E2A9A94E50067C714 /* Bookworm.xcdatamodeld */ = {
			isa = XCVersionGroup;
			children = (
				7EDA6E7F2A9A94E50067C714 /* Bookworms.xcdatamodel */,
			);
			currentVersion = 7EDA6E7F2A9A94E50067C714 /* Bookworms.xcdatamodel */;
			path = Bookworm.xcdatamodeld;
			sourceTree = "<group>";
			versionGroupType = wrapper.xcdatamodel;
		};
/* End XCVersionGroup section */
	};
	rootObject = 7EDA6E622A9A943B0067C714 /* Project object */;
}
