// !$*UTF8*$!
{
	archiveVersion = 1;
	classes = {
	};
	objectVersion = 77;
	objects = {

/* Begin PBXContainerItemProxy section */
		7E7DAF632D275C6C00606284 /* PBXContainerItemProxy */ = {
			isa = PBXContainerItemProxy;
			containerPortal = 7E7DAF4A2D275C6B00606284 /* Project object */;
			proxyType = 1;
			remoteGlobalIDString = 7E7DAF512D275C6B00606284;
			remoteInfo = Bookworm;
		};
		7E7DAF6D2D275C6C00606284 /* PBXContainerItemProxy */ = {
			isa = PBXContainerItemProxy;
			containerPortal = 7E7DAF4A2D275C6B00606284 /* Project object */;
			proxyType = 1;
			remoteGlobalIDString = 7E7DAF512D275C6B00606284;
			remoteInfo = Bookworm;
		};
/* End PBXContainerItemProxy section */

/* Begin PBXFileReference section */
		7E7DAF522D275C6B00606284 /* Bookworm.app */ = {isa = PBXFileReference; explicitFileType = wrapper.application; includeInIndex = 0; path = Bookworm.app; sourceTree = BUILT_PRODUCTS_DIR; };
		7E7DAF622D275C6C00606284 /* BookwormTests.xctest */ = {isa = PBXFileReference; explicitFileType = wrapper.cfbundle; includeInIndex = 0; path = BookwormTests.xctest; sourceTree = BUILT_PRODUCTS_DIR; };
		7E7DAF6C2D275C6C00606284 /* BookwormUITests.xctest */ = {isa = PBXFileReference; explicitFileType = wrapper.cfbundle; includeInIndex = 0; path = BookwormUITests.xctest; sourceTree = BUILT_PRODUCTS_DIR; };
/* End PBXFileReference section */

/* Begin PBXFileSystemSynchronizedRootGroup section */
		7E7DAF542D275C6B00606284 /* Bookworm */ = {
			isa = PBXFileSystemSynchronizedRootGroup;
			path = Bookworm;
			sourceTree = "<group>";
		};
		7E7DAF652D275C6C00606284 /* BookwormTests */ = {
			isa = PBXFileSystemSynchronizedRootGroup;
			path = BookwormTests;
			sourceTree = "<group>";
		};
		7E7DAF6F2D275C6C00606284 /* BookwormUITests */ = {
			isa = PBXFileSystemSynchronizedRootGroup;
			path = BookwormUITests;
			sourceTree = "<group>";
		};
/* End PBXFileSystemSynchronizedRootGroup section */

/* Begin PBXFrameworksBuildPhase section */
		7E7DAF4F2D275C6B00606284 /* Frameworks */ = {
			isa = PBXFrameworksBuildPhase;
			buildActionMask = 2147483647;
			files = (
			);
			runOnlyForDeploymentPostprocessing = 0;
		};
		7E7DAF5F2D275C6C00606284 /* Frameworks */ = {
			isa = PBXFrameworksBuildPhase;
			buildActionMask = 2147483647;
			files = (
			);
			runOnlyForDeploymentPostprocessing = 0;
		};
		7E7DAF692D275C6C00606284 /* Frameworks */ = {
			isa = PBXFrameworksBuildPhase;
			buildActionMask = 2147483647;
			files = (
			);
			runOnlyForDeploymentPostprocessing = 0;
		};
/* End PBXFrameworksBuildPhase section */

/* Begin PBXGroup section */
		7E7DAF492D275C6B00606284 = {
			isa = PBXGroup;
			children = (
				7E7DAF542D275C6B00606284 /* Bookworm */,
				7E7DAF652D275C6C00606284 /* BookwormTests */,
				7E7DAF6F2D275C6C00606284 /* BookwormUITests */,
				7E7DAF532D275C6B00606284 /* Products */,
			);
			sourceTree = "<group>";
		};
		7E7DAF532D275C6B00606284 /* Products */ = {
			isa = PBXGroup;
			children = (
				7E7DAF522D275C6B00606284 /* Bookworm.app */,
				7E7DAF622D275C6C00606284 /* BookwormTests.xctest */,
				7E7DAF6C2D275C6C00606284 /* BookwormUITests.xctest */,
			);
			name = Products;
			sourceTree = "<group>";
		};
/* End PBXGroup section */

/* Begin PBXNativeTarget section */
		7E7DAF512D275C6B00606284 /* Bookworm */ = {
			isa = PBXNativeTarget;
			buildConfigurationList = 7E7DAF762D275C6C00606284 /* Build configuration list for PBXNativeTarget "Bookworm" */;
			buildPhases = (
				7E7DAF4E2D275C6B00606284 /* Sources */,
				7E7DAF4F2D275C6B00606284 /* Frameworks */,
				7E7DAF502D275C6B00606284 /* Resources */,
			);
			buildRules = (
			);
			dependencies = (
			);
			fileSystemSynchronizedGroups = (
				7E7DAF542D275C6B00606284 /* Bookworm */,
			);
			name = Bookworm;
			packageProductDependencies = (
			);
			productName = Bookworm;
			productReference = 7E7DAF522D275C6B00606284 /* Bookworm.app */;
			productType = "com.apple.product-type.application";
		};
		7E7DAF612D275C6C00606284 /* BookwormTests */ = {
			isa = PBXNativeTarget;
			buildConfigurationList = 7E7DAF792D275C6C00606284 /* Build configuration list for PBXNativeTarget "BookwormTests" */;
			buildPhases = (
				7E7DAF5E2D275C6C00606284 /* Sources */,
				7E7DAF5F2D275C6C00606284 /* Frameworks */,
				7E7DAF602D275C6C00606284 /* Resources */,
			);
			buildRules = (
			);
			dependencies = (
				7E7DAF642D275C6C00606284 /* PBXTargetDependency */,
			);
			fileSystemSynchronizedGroups = (
				7E7DAF652D275C6C00606284 /* BookwormTests */,
			);
			name = BookwormTests;
			packageProductDependencies = (
			);
			productName = BookwormTests;
			productReference = 7E7DAF622D275C6C00606284 /* BookwormTests.xctest */;
			productType = "com.apple.product-type.bundle.unit-test";
		};
		7E7DAF6B2D275C6C00606284 /* BookwormUITests */ = {
			isa = PBXNativeTarget;
			buildConfigurationList = 7E7DAF7C2D275C6C00606284 /* Build configuration list for PBXNativeTarget "BookwormUITests" */;
			buildPhases = (
				7E7DAF682D275C6C00606284 /* Sources */,
				7E7DAF692D275C6C00606284 /* Frameworks */,
				7E7DAF6A2D275C6C00606284 /* Resources */,
			);
			buildRules = (
			);
			dependencies = (
				7E7DAF6E2D275C6C00606284 /* PBXTargetDependency */,
			);
			fileSystemSynchronizedGroups = (
				7E7DAF6F2D275C6C00606284 /* BookwormUITests */,
			);
			name = BookwormUITests;
			packageProductDependencies = (
			);
			productName = BookwormUITests;
			productReference = 7E7DAF6C2D275C6C00606284 /* BookwormUITests.xctest */;
			productType = "com.apple.product-type.bundle.ui-testing";
		};
/* End PBXNativeTarget section */

/* Begin PBXProject section */
		7E7DAF4A2D275C6B00606284 /* Project object */ = {
			isa = PBXProject;
			attributes = {
				BuildIndependentTargetsInParallel = 1;
				LastSwiftUpdateCheck = 1620;
				LastUpgradeCheck = 1620;
				TargetAttributes = {
					7E7DAF512D275C6B00606284 = {
						CreatedOnToolsVersion = 16.2;
					};
					7E7DAF612D275C6C00606284 = {
						CreatedOnToolsVersion = 16.2;
						TestTargetID = 7E7DAF512D275C6B00606284;
					};
					7E7DAF6B2D275C6C00606284 = {
						CreatedOnToolsVersion = 16.2;
						TestTargetID = 7E7DAF512D275C6B00606284;
					};
				};
			};
			buildConfigurationList = 7E7DAF4D2D275C6B00606284 /* Build configuration list for PBXProject "Bookworm" */;
			developmentRegion = en;
			hasScannedForEncodings = 0;
			knownRegions = (
				en,
				Base,
			);
			mainGroup = 7E7DAF492D275C6B00606284;
			minimizedProjectReferenceProxies = 1;
			preferredProjectObjectVersion = 77;
			productRefGroup = 7E7DAF532D275C6B00606284 /* Products */;
			projectDirPath = "";
			projectRoot = "";
			targets = (
				7E7DAF512D275C6B00606284 /* Bookworm */,
				7E7DAF612D275C6C00606284 /* BookwormTests */,
				7E7DAF6B2D275C6C00606284 /* BookwormUITests */,
			);
		};
/* End PBXProject section */

/* Begin PBXResourcesBuildPhase section */
		7E7DAF502D275C6B00606284 /* Resources */ = {
			isa = PBXResourcesBuildPhase;
			buildActionMask = 2147483647;
			files = (
			);
			runOnlyForDeploymentPostprocessing = 0;
		};
		7E7DAF602D275C6C00606284 /* Resources */ = {
			isa = PBXResourcesBuildPhase;
			buildActionMask = 2147483647;
			files = (
			);
			runOnlyForDeploymentPostprocessing = 0;
		};
		7E7DAF6A2D275C6C00606284 /* Resources */ = {
			isa = PBXResourcesBuildPhase;
			buildActionMask = 2147483647;
			files = (
			);
			runOnlyForDeploymentPostprocessing = 0;
		};
/* End PBXResourcesBuildPhase section */

/* Begin PBXSourcesBuildPhase section */
		7E7DAF4E2D275C6B00606284 /* Sources */ = {
			isa = PBXSourcesBuildPhase;
			buildActionMask = 2147483647;
			files = (
			);
			runOnlyForDeploymentPostprocessing = 0;
		};
		7E7DAF5E2D275C6C00606284 /* Sources */ = {
			isa = PBXSourcesBuildPhase;
			buildActionMask = 2147483647;
			files = (
			);
			runOnlyForDeploymentPostprocessing = 0;
		};
		7E7DAF682D275C6C00606284 /* Sources */ = {
			isa = PBXSourcesBuildPhase;
			buildActionMask = 2147483647;
			files = (
			);
			runOnlyForDeploymentPostprocessing = 0;
		};
/* End PBXSourcesBuildPhase section */

/* Begin PBXTargetDependency section */
		7E7DAF642D275C6C00606284 /* PBXTargetDependency */ = {
			isa = PBXTargetDependency;
			target = 7E7DAF512D275C6B00606284 /* Bookworm */;
			targetProxy = 7E7DAF632D275C6C00606284 /* PBXContainerItemProxy */;
		};
		7E7DAF6E2D275C6C00606284 /* PBXTargetDependency */ = {
			isa = PBXTargetDependency;
			target = 7E7DAF512D275C6B00606284 /* Bookworm */;
			targetProxy = 7E7DAF6D2D275C6C00606284 /* PBXContainerItemProxy */;
		};
/* End PBXTargetDependency section */

/* Begin XCBuildConfiguration section */
		7E7DAF742D275C6C00606284 /* Debug */ = {
			isa = XCBuildConfiguration;
			buildSettings = {
				ALWAYS_SEARCH_USER_PATHS = NO;
				ASSETCATALOG_COMPILER_GENERATE_SWIFT_ASSET_SYMBOL_EXTENSIONS = YES;
				CLANG_ANALYZER_NONNULL = YES;
				CLANG_ANALYZER_NUMBER_OBJECT_CONVERSION = YES_AGGRESSIVE;
				CLANG_CXX_LANGUAGE_STANDARD = "gnu++20";
				CLANG_ENABLE_MODULES = YES;
				CLANG_ENABLE_OBJC_ARC = YES;
				CLANG_ENABLE_OBJC_WEAK = YES;
				CLANG_WARN_BLOCK_CAPTURE_AUTORELEASING = YES;
				CLANG_WARN_BOOL_CONVERSION = YES;
				CLANG_WARN_COMMA = YES;
				CLANG_WARN_CONSTANT_CONVERSION = YES;
				CLANG_WARN_DEPRECATED_OBJC_IMPLEMENTATIONS = YES;
				CLANG_WARN_DIRECT_OBJC_ISA_USAGE = YES_ERROR;
				CLANG_WARN_DOCUMENTATION_COMMENTS = YES;
				CLANG_WARN_EMPTY_BODY = YES;
				CLANG_WARN_ENUM_CONVERSION = YES;
				CLANG_WARN_INFINITE_RECURSION = YES;
				CLANG_WARN_INT_CONVERSION = YES;
				CLANG_WARN_NON_LITERAL_NULL_CONVERSION = YES;
				CLANG_WARN_OBJC_IMPLICIT_RETAIN_SELF = YES;
				CLANG_WARN_OBJC_LITERAL_CONVERSION = YES;
				CLANG_WARN_OBJC_ROOT_CLASS = YES_ERROR;
				CLANG_WARN_QUOTED_INCLUDE_IN_FRAMEWORK_HEADER = YES;
				CLANG_WARN_RANGE_LOOP_ANALYSIS = YES;
				CLANG_WARN_STRICT_PROTOTYPES = YES;
				CLANG_WARN_SUSPICIOUS_MOVE = YES;
				CLANG_WARN_UNGUARDED_AVAILABILITY = YES_AGGRESSIVE;
				CLANG_WARN_UNREACHABLE_CODE = YES;
				CLANG_WARN__DUPLICATE_METHOD_MATCH = YES;
				COPY_PHASE_STRIP = NO;
				DEBUG_INFORMATION_FORMAT = dwarf;
				ENABLE_STRICT_OBJC_MSGSEND = YES;
				ENABLE_TESTABILITY = YES;
				ENABLE_USER_SCRIPT_SANDBOXING = YES;
				GCC_C_LANGUAGE_STANDARD = gnu17;
				GCC_DYNAMIC_NO_PIC = NO;
				GCC_NO_COMMON_BLOCKS = YES;
				GCC_OPTIMIZATION_LEVEL = 0;
				GCC_PREPROCESSOR_DEFINITIONS = (
					"DEBUG=1",
					"$(inherited)",
				);
				GCC_WARN_64_TO_32_BIT_CONVERSION = YES;
				GCC_WARN_ABOUT_RETURN_TYPE = YES_ERROR;
				GCC_WARN_UNDECLARED_SELECTOR = YES;
				GCC_WARN_UNINITIALIZED_AUTOS = YES_AGGRESSIVE;
				GCC_WARN_UNUSED_FUNCTION = YES;
				GCC_WARN_UNUSED_VARIABLE = YES;
				IPHONEOS_DEPLOYMENT_TARGET = 18.2;
				LOCALIZATION_PREFERS_STRING_CATALOGS = YES;
				MTL_ENABLE_DEBUG_INFO = INCLUDE_SOURCE;
				MTL_FAST_MATH = YES;
				ONLY_ACTIVE_ARCH = YES;
				SDKROOT = iphoneos;
				SWIFT_ACTIVE_COMPILATION_CONDITIONS = "DEBUG $(inherited)";
				SWIFT_OPTIMIZATION_LEVEL = "-Onone";
			};
			name = Debug;
		};
		7E7DAF752D275C6C00606284 /* Release */ = {
			isa = XCBuildConfiguration;
			buildSettings = {
				ALWAYS_SEARCH_USER_PATHS = NO;
				ASSETCATALOG_COMPILER_GENERATE_SWIFT_ASSET_SYMBOL_EXTENSIONS = YES;
				CLANG_ANALYZER_NONNULL = YES;
				CLANG_ANALYZER_NUMBER_OBJECT_CONVERSION = YES_AGGRESSIVE;
				CLANG_CXX_LANGUAGE_STANDARD = "gnu++20";
				CLANG_ENABLE_MODULES = YES;
				CLANG_ENABLE_OBJC_ARC = YES;
				CLANG_ENABLE_OBJC_WEAK = YES;
				CLANG_WARN_BLOCK_CAPTURE_AUTORELEASING = YES;
				CLANG_WARN_BOOL_CONVERSION = YES;
				CLANG_WARN_COMMA = YES;
				CLANG_WARN_CONSTANT_CONVERSION = YES;
				CLANG_WARN_DEPRECATED_OBJC_IMPLEMENTATIONS = YES;
				CLANG_WARN_DIRECT_OBJC_ISA_USAGE = YES_ERROR;
				CLANG_WARN_DOCUMENTATION_COMMENTS = YES;
				CLANG_WARN_EMPTY_BODY = YES;
				CLANG_WARN_ENUM_CONVERSION = YES;
				CLANG_WARN_INFINITE_RECURSION = YES;
				CLANG_WARN_INT_CONVERSION = YES;
				CLANG_WARN_NON_LITERAL_NULL_CONVERSION = YES;
				CLANG_WARN_OBJC_IMPLICIT_RETAIN_SELF = YES;
				CLANG_WARN_OBJC_LITERAL_CONVERSION = YES;
				CLANG_WARN_OBJC_ROOT_CLASS = YES_ERROR;
				CLANG_WARN_QUOTED_INCLUDE_IN_FRAMEWORK_HEADER = YES;
				CLANG_WARN_RANGE_LOOP_ANALYSIS = YES;
				CLANG_WARN_STRICT_PROTOTYPES = YES;
				CLANG_WARN_SUSPICIOUS_MOVE = YES;
				CLANG_WARN_UNGUARDED_AVAILABILITY = YES_AGGRESSIVE;
				CLANG_WARN_UNREACHABLE_CODE = YES;
				CLANG_WARN__DUPLICATE_METHOD_MATCH = YES;
				COPY_PHASE_STRIP = NO;
				DEBUG_INFORMATION_FORMAT = "dwarf-with-dsym";
				ENABLE_NS_ASSERTIONS = NO;
				ENABLE_STRICT_OBJC_MSGSEND = YES;
				ENABLE_USER_SCRIPT_SANDBOXING = YES;
				GCC_C_LANGUAGE_STANDARD = gnu17;
				GCC_NO_COMMON_BLOCKS = YES;
				GCC_WARN_64_TO_32_BIT_CONVERSION = YES;
				GCC_WARN_ABOUT_RETURN_TYPE = YES_ERROR;
				GCC_WARN_UNDECLARED_SELECTOR = YES;
				GCC_WARN_UNINITIALIZED_AUTOS = YES_AGGRESSIVE;
				GCC_WARN_UNUSED_FUNCTION = YES;
				GCC_WARN_UNUSED_VARIABLE = YES;
				IPHONEOS_DEPLOYMENT_TARGET = 18.2;
				LOCALIZATION_PREFERS_STRING_CATALOGS = YES;
				MTL_ENABLE_DEBUG_INFO = NO;
				MTL_FAST_MATH = YES;
				SDKROOT = iphoneos;
				SWIFT_COMPILATION_MODE = wholemodule;
				VALIDATE_PRODUCT = YES;
			};
			name = Release;
		};
		7E7DAF772D275C6C00606284 /* Debug */ = {
			isa = XCBuildConfiguration;
			buildSettings = {
				ASSETCATALOG_COMPILER_APPICON_NAME = AppIcon;
				ASSETCATALOG_COMPILER_GLOBAL_ACCENT_COLOR_NAME = AccentColor;
				CODE_SIGN_STYLE = Automatic;
				CURRENT_PROJECT_VERSION = 1;
				DEVELOPMENT_ASSET_PATHS = "\"Bookworm/Preview Content\"";
				ENABLE_PREVIEWS = YES;
				GENERATE_INFOPLIST_FILE = YES;
				INFOPLIST_KEY_UIApplicationSceneManifest_Generation = YES;
				INFOPLIST_KEY_UIApplicationSupportsIndirectInputEvents = YES;
				INFOPLIST_KEY_UILaunchScreen_Generation = YES;
				INFOPLIST_KEY_UISupportedInterfaceOrientations_iPad = "UIInterfaceOrientationPortrait UIInterfaceOrientationPortraitUpsideDown UIInterfaceOrientationLandscapeLeft UIInterfaceOrientationLandscapeRight";
				INFOPLIST_KEY_UISupportedInterfaceOrientations_iPhone = "UIInterfaceOrientationPortrait UIInterfaceOrientationLandscapeLeft UIInterfaceOrientationLandscapeRight";
				LD_RUNPATH_SEARCH_PATHS = (
					"$(inherited)",
					"@executable_path/Frameworks",
				);
				MARKETING_VERSION = 1.0;
				PRODUCT_BUNDLE_IDENTIFIER = com.isaqueDaSilva.Bookworm;
				PRODUCT_NAME = "$(TARGET_NAME)";
				SWIFT_EMIT_LOC_STRINGS = YES;
				SWIFT_VERSION = 5.0;
				TARGETED_DEVICE_FAMILY = "1,2";
			};
			name = Debug;
		};
		7E7DAF782D275C6C00606284 /* Release */ = {
			isa = XCBuildConfiguration;
			buildSettings = {
				ASSETCATALOG_COMPILER_APPICON_NAME = AppIcon;
				ASSETCATALOG_COMPILER_GLOBAL_ACCENT_COLOR_NAME = AccentColor;
				CODE_SIGN_STYLE = Automatic;
				CURRENT_PROJECT_VERSION = 1;
				DEVELOPMENT_ASSET_PATHS = "\"Bookworm/Preview Content\"";
				ENABLE_PREVIEWS = YES;
				GENERATE_INFOPLIST_FILE = YES;
				INFOPLIST_KEY_UIApplicationSceneManifest_Generation = YES;
				INFOPLIST_KEY_UIApplicationSupportsIndirectInputEvents = YES;
				INFOPLIST_KEY_UILaunchScreen_Generation = YES;
				INFOPLIST_KEY_UISupportedInterfaceOrientations_iPad = "UIInterfaceOrientationPortrait UIInterfaceOrientationPortraitUpsideDown UIInterfaceOrientationLandscapeLeft UIInterfaceOrientationLandscapeRight";
				INFOPLIST_KEY_UISupportedInterfaceOrientations_iPhone = "UIInterfaceOrientationPortrait UIInterfaceOrientationLandscapeLeft UIInterfaceOrientationLandscapeRight";
				LD_RUNPATH_SEARCH_PATHS = (
					"$(inherited)",
					"@executable_path/Frameworks",
				);
				MARKETING_VERSION = 1.0;
				PRODUCT_BUNDLE_IDENTIFIER = com.isaqueDaSilva.Bookworm;
				PRODUCT_NAME = "$(TARGET_NAME)";
				SWIFT_EMIT_LOC_STRINGS = YES;
				SWIFT_VERSION = 5.0;
				TARGETED_DEVICE_FAMILY = "1,2";
			};
			name = Release;
		};
		7E7DAF7A2D275C6C00606284 /* Debug */ = {
			isa = XCBuildConfiguration;
			buildSettings = {
				BUNDLE_LOADER = "$(TEST_HOST)";
				CODE_SIGN_STYLE = Automatic;
				CURRENT_PROJECT_VERSION = 1;
				GENERATE_INFOPLIST_FILE = YES;
				IPHONEOS_DEPLOYMENT_TARGET = 18.2;
				MARKETING_VERSION = 1.0;
				PRODUCT_BUNDLE_IDENTIFIER = com.isaqueDaSilva.BookwormTests;
				PRODUCT_NAME = "$(TARGET_NAME)";
				SWIFT_EMIT_LOC_STRINGS = NO;
				SWIFT_VERSION = 5.0;
				TARGETED_DEVICE_FAMILY = "1,2";
				TEST_HOST = "$(BUILT_PRODUCTS_DIR)/Bookworm.app/$(BUNDLE_EXECUTABLE_FOLDER_PATH)/Bookworm";
			};
			name = Debug;
		};
		7E7DAF7B2D275C6C00606284 /* Release */ = {
			isa = XCBuildConfiguration;
			buildSettings = {
				BUNDLE_LOADER = "$(TEST_HOST)";
				CODE_SIGN_STYLE = Automatic;
				CURRENT_PROJECT_VERSION = 1;
				GENERATE_INFOPLIST_FILE = YES;
				IPHONEOS_DEPLOYMENT_TARGET = 18.2;
				MARKETING_VERSION = 1.0;
				PRODUCT_BUNDLE_IDENTIFIER = com.isaqueDaSilva.BookwormTests;
				PRODUCT_NAME = "$(TARGET_NAME)";
				SWIFT_EMIT_LOC_STRINGS = NO;
				SWIFT_VERSION = 5.0;
				TARGETED_DEVICE_FAMILY = "1,2";
				TEST_HOST = "$(BUILT_PRODUCTS_DIR)/Bookworm.app/$(BUNDLE_EXECUTABLE_FOLDER_PATH)/Bookworm";
			};
			name = Release;
		};
		7E7DAF7D2D275C6C00606284 /* Debug */ = {
			isa = XCBuildConfiguration;
			buildSettings = {
				CODE_SIGN_STYLE = Automatic;
				CURRENT_PROJECT_VERSION = 1;
				GENERATE_INFOPLIST_FILE = YES;
				MARKETING_VERSION = 1.0;
				PRODUCT_BUNDLE_IDENTIFIER = com.isaqueDaSilva.BookwormUITests;
				PRODUCT_NAME = "$(TARGET_NAME)";
				SWIFT_EMIT_LOC_STRINGS = NO;
				SWIFT_VERSION = 5.0;
				TARGETED_DEVICE_FAMILY = "1,2";
				TEST_TARGET_NAME = Bookworm;
			};
			name = Debug;
		};
		7E7DAF7E2D275C6C00606284 /* Release */ = {
			isa = XCBuildConfiguration;
			buildSettings = {
				CODE_SIGN_STYLE = Automatic;
				CURRENT_PROJECT_VERSION = 1;
				GENERATE_INFOPLIST_FILE = YES;
				MARKETING_VERSION = 1.0;
				PRODUCT_BUNDLE_IDENTIFIER = com.isaqueDaSilva.BookwormUITests;
				PRODUCT_NAME = "$(TARGET_NAME)";
				SWIFT_EMIT_LOC_STRINGS = NO;
				SWIFT_VERSION = 5.0;
				TARGETED_DEVICE_FAMILY = "1,2";
				TEST_TARGET_NAME = Bookworm;
			};
			name = Release;
		};
/* End XCBuildConfiguration section */

/* Begin XCConfigurationList section */
		7E7DAF4D2D275C6B00606284 /* Build configuration list for PBXProject "Bookworm" */ = {
			isa = XCConfigurationList;
			buildConfigurations = (
				7E7DAF742D275C6C00606284 /* Debug */,
				7E7DAF752D275C6C00606284 /* Release */,
			);
			defaultConfigurationIsVisible = 0;
			defaultConfigurationName = Release;
		};
		7E7DAF762D275C6C00606284 /* Build configuration list for PBXNativeTarget "Bookworm" */ = {
			isa = XCConfigurationList;
			buildConfigurations = (
				7E7DAF772D275C6C00606284 /* Debug */,
				7E7DAF782D275C6C00606284 /* Release */,
			);
			defaultConfigurationIsVisible = 0;
			defaultConfigurationName = Release;
		};
		7E7DAF792D275C6C00606284 /* Build configuration list for PBXNativeTarget "BookwormTests" */ = {
			isa = XCConfigurationList;
			buildConfigurations = (
				7E7DAF7A2D275C6C00606284 /* Debug */,
				7E7DAF7B2D275C6C00606284 /* Release */,
			);
			defaultConfigurationIsVisible = 0;
			defaultConfigurationName = Release;
		};
		7E7DAF7C2D275C6C00606284 /* Build configuration list for PBXNativeTarget "BookwormUITests" */ = {
			isa = XCConfigurationList;
			buildConfigurations = (
				7E7DAF7D2D275C6C00606284 /* Debug */,
				7E7DAF7E2D275C6C00606284 /* Release */,
			);
			defaultConfigurationIsVisible = 0;
			defaultConfigurationName = Release;
		};
/* End XCConfigurationList section */
	};
	rootObject = 7E7DAF4A2D275C6B00606284 /* Project object */;
}
